// !$*UTF8*$!
{
	archiveVersion = 1;
	classes = {
	};
	objectVersion = 56;
	objects = {

/* Begin PBXBuildFile section */
		10CD57312B13EC6300E00FE6 /* IosColorTesting___RandomizerApp.swift in Sources */ = {isa = PBXBuildFile; fileRef = 10CD57302B13EC6300E00FE6 /* IosColorTesting___RandomizerApp.swift */; };
		10CD57332B13EC6300E00FE6 /* ContentView.swift in Sources */ = {isa = PBXBuildFile; fileRef = 10CD57322B13EC6300E00FE6 /* ContentView.swift */; };
		10CD57352B13EC6700E00FE6 /* Assets.xcassets in Resources */ = {isa = PBXBuildFile; fileRef = 10CD57342B13EC6700E00FE6 /* Assets.xcassets */; };
		10CD57382B13EC6700E00FE6 /* Preview Assets.xcassets in Resources */ = {isa = PBXBuildFile; fileRef = 10CD57372B13EC6700E00FE6 /* Preview Assets.xcassets */; };
		10CD57422B13EC6700E00FE6 /* IosColorTesting___RandomizerTests.swift in Sources */ = {isa = PBXBuildFile; fileRef = 10CD57412B13EC6700E00FE6 /* IosColorTesting___RandomizerTests.swift */; };
		10CD574C2B13EC6700E00FE6 /* IosColorTesting___RandomizerUITests.swift in Sources */ = {isa = PBXBuildFile; fileRef = 10CD574B2B13EC6700E00FE6 /* IosColorTesting___RandomizerUITests.swift */; };
		10CD574E2B13EC6700E00FE6 /* IosColorTesting___RandomizerUITestsLaunchTests.swift in Sources */ = {isa = PBXBuildFile; fileRef = 10CD574D2B13EC6700E00FE6 /* IosColorTesting___RandomizerUITestsLaunchTests.swift */; };
/* End PBXBuildFile section */

/* Begin PBXContainerItemProxy section */
		10CD573E2B13EC6700E00FE6 /* PBXContainerItemProxy */ = {
			isa = PBXContainerItemProxy;
			containerPortal = 10CD57252B13EC6200E00FE6 /* Project object */;
			proxyType = 1;
			remoteGlobalIDString = 10CD572C2B13EC6200E00FE6;
			remoteInfo = "IosColorTesting --Randomizer";
		};
		10CD57482B13EC6700E00FE6 /* PBXContainerItemProxy */ = {
			isa = PBXContainerItemProxy;
			containerPortal = 10CD57252B13EC6200E00FE6 /* Project object */;
			proxyType = 1;
			remoteGlobalIDString = 10CD572C2B13EC6200E00FE6;
			remoteInfo = "IosColorTesting --Randomizer";
		};
/* End PBXContainerItemProxy section */

/* Begin PBXFileReference section */
		10CD572D2B13EC6200E00FE6 /* IosColorTesting --Randomizer.app */ = {isa = PBXFileReference; explicitFileType = wrapper.application; includeInIndex = 0; path = "IosColorTesting --Randomizer.app"; sourceTree = BUILT_PRODUCTS_DIR; };
		10CD57302B13EC6300E00FE6 /* IosColorTesting___RandomizerApp.swift */ = {isa = PBXFileReference; lastKnownFileType = sourcecode.swift; path = "IosColorTesting___RandomizerApp.swift"; sourceTree = "<group>"; };
		10CD57322B13EC6300E00FE6 /* ContentView.swift */ = {isa = PBXFileReference; lastKnownFileType = sourcecode.swift; path = ContentView.swift; sourceTree = "<group>"; };
		10CD57342B13EC6700E00FE6 /* Assets.xcassets */ = {isa = PBXFileReference; lastKnownFileType = folder.assetcatalog; path = Assets.xcassets; sourceTree = "<group>"; };
		10CD57372B13EC6700E00FE6 /* Preview Assets.xcassets */ = {isa = PBXFileReference; lastKnownFileType = folder.assetcatalog; path = "Preview Assets.xcassets"; sourceTree = "<group>"; };
		10CD573D2B13EC6700E00FE6 /* IosColorTesting --RandomizerTests.xctest */ = {isa = PBXFileReference; explicitFileType = wrapper.cfbundle; includeInIndex = 0; path = "IosColorTesting --RandomizerTests.xctest"; sourceTree = BUILT_PRODUCTS_DIR; };
		10CD57412B13EC6700E00FE6 /* IosColorTesting___RandomizerTests.swift */ = {isa = PBXFileReference; lastKnownFileType = sourcecode.swift; path = "IosColorTesting___RandomizerTests.swift"; sourceTree = "<group>"; };
		10CD57472B13EC6700E00FE6 /* IosColorTesting --RandomizerUITests.xctest */ = {isa = PBXFileReference; explicitFileType = wrapper.cfbundle; includeInIndex = 0; path = "IosColorTesting --RandomizerUITests.xctest"; sourceTree = BUILT_PRODUCTS_DIR; };
		10CD574B2B13EC6700E00FE6 /* IosColorTesting___RandomizerUITests.swift */ = {isa = PBXFileReference; lastKnownFileType = sourcecode.swift; path = "IosColorTesting___RandomizerUITests.swift"; sourceTree = "<group>"; };
		10CD574D2B13EC6700E00FE6 /* IosColorTesting___RandomizerUITestsLaunchTests.swift */ = {isa = PBXFileReference; lastKnownFileType = sourcecode.swift; path = "IosColorTesting___RandomizerUITestsLaunchTests.swift"; sourceTree = "<group>"; };
/* End PBXFileReference section */

/* Begin PBXFrameworksBuildPhase section */
		10CD572A2B13EC6200E00FE6 /* Frameworks */ = {
			isa = PBXFrameworksBuildPhase;
			buildActionMask = 2147483647;
			files = (
			);
			runOnlyForDeploymentPostprocessing = 0;
		};
		10CD573A2B13EC6700E00FE6 /* Frameworks */ = {
			isa = PBXFrameworksBuildPhase;
			buildActionMask = 2147483647;
			files = (
			);
			runOnlyForDeploymentPostprocessing = 0;
		};
		10CD57442B13EC6700E00FE6 /* Frameworks */ = {
			isa = PBXFrameworksBuildPhase;
			buildActionMask = 2147483647;
			files = (
			);
			runOnlyForDeploymentPostprocessing = 0;
		};
/* End PBXFrameworksBuildPhase section */

/* Begin PBXGroup section */
		10CD57242B13EC6200E00FE6 = {
			isa = PBXGroup;
			children = (
				10CD572F2B13EC6200E00FE6 /* IosColorTesting --Randomizer */,
				10CD57402B13EC6700E00FE6 /* IosColorTesting --RandomizerTests */,
				10CD574A2B13EC6700E00FE6 /* IosColorTesting --RandomizerUITests */,
				10CD572E2B13EC6200E00FE6 /* Products */,
			);
			sourceTree = "<group>";
		};
		10CD572E2B13EC6200E00FE6 /* Products */ = {
			isa = PBXGroup;
			children = (
				10CD572D2B13EC6200E00FE6 /* IosColorTesting --Randomizer.app */,
				10CD573D2B13EC6700E00FE6 /* IosColorTesting --RandomizerTests.xctest */,
				10CD57472B13EC6700E00FE6 /* IosColorTesting --RandomizerUITests.xctest */,
			);
			name = Products;
			sourceTree = "<group>";
		};
		10CD572F2B13EC6200E00FE6 /* IosColorTesting --Randomizer */ = {
			isa = PBXGroup;
			children = (
				10CD57302B13EC6300E00FE6 /* IosColorTesting___RandomizerApp.swift */,
				10CD57322B13EC6300E00FE6 /* ContentView.swift */,
				10CD57342B13EC6700E00FE6 /* Assets.xcassets */,
				10CD57362B13EC6700E00FE6 /* Preview Content */,
			);
			path = "IosColorTesting --Randomizer";
			sourceTree = "<group>";
		};
		10CD57362B13EC6700E00FE6 /* Preview Content */ = {
			isa = PBXGroup;
			children = (
				10CD57372B13EC6700E00FE6 /* Preview Assets.xcassets */,
			);
			path = "Preview Content";
			sourceTree = "<group>";
		};
		10CD57402B13EC6700E00FE6 /* IosColorTesting --RandomizerTests */ = {
			isa = PBXGroup;
			children = (
				10CD57412B13EC6700E00FE6 /* IosColorTesting___RandomizerTests.swift */,
			);
			path = "IosColorTesting --RandomizerTests";
			sourceTree = "<group>";
		};
		10CD574A2B13EC6700E00FE6 /* IosColorTesting --RandomizerUITests */ = {
			isa = PBXGroup;
			children = (
				10CD574B2B13EC6700E00FE6 /* IosColorTesting___RandomizerUITests.swift */,
				10CD574D2B13EC6700E00FE6 /* IosColorTesting___RandomizerUITestsLaunchTests.swift */,
			);
			path = "IosColorTesting --RandomizerUITests";
			sourceTree = "<group>";
		};
/* End PBXGroup section */

/* Begin PBXNativeTarget section */
		10CD572C2B13EC6200E00FE6 /* IosColorTesting --Randomizer */ = {
			isa = PBXNativeTarget;
			buildConfigurationList = 10CD57512B13EC6700E00FE6 /* Build configuration list for PBXNativeTarget "IosColorTesting --Randomizer" */;
			buildPhases = (
				10CD57292B13EC6200E00FE6 /* Sources */,
				10CD572A2B13EC6200E00FE6 /* Frameworks */,
				10CD572B2B13EC6200E00FE6 /* Resources */,
			);
			buildRules = (
			);
			dependencies = (
			);
			name = "IosColorTesting --Randomizer";
			productName = "IosColorTesting --Randomizer";
			productReference = 10CD572D2B13EC6200E00FE6 /* IosColorTesting --Randomizer.app */;
			productType = "com.apple.product-type.application";
		};
		10CD573C2B13EC6700E00FE6 /* IosColorTesting --RandomizerTests */ = {
			isa = PBXNativeTarget;
			buildConfigurationList = 10CD57542B13EC6700E00FE6 /* Build configuration list for PBXNativeTarget "IosColorTesting --RandomizerTests" */;
			buildPhases = (
				10CD57392B13EC6700E00FE6 /* Sources */,
				10CD573A2B13EC6700E00FE6 /* Frameworks */,
				10CD573B2B13EC6700E00FE6 /* Resources */,
			);
			buildRules = (
			);
			dependencies = (
				10CD573F2B13EC6700E00FE6 /* PBXTargetDependency */,
			);
			name = "IosColorTesting --RandomizerTests";
			productName = "IosColorTesting --RandomizerTests";
			productReference = 10CD573D2B13EC6700E00FE6 /* IosColorTesting --RandomizerTests.xctest */;
			productType = "com.apple.product-type.bundle.unit-test";
		};
		10CD57462B13EC6700E00FE6 /* IosColorTesting --RandomizerUITests */ = {
			isa = PBXNativeTarget;
			buildConfigurationList = 10CD57572B13EC6700E00FE6 /* Build configuration list for PBXNativeTarget "IosColorTesting --RandomizerUITests" */;
			buildPhases = (
				10CD57432B13EC6700E00FE6 /* Sources */,
				10CD57442B13EC6700E00FE6 /* Frameworks */,
				10CD57452B13EC6700E00FE6 /* Resources */,
			);
			buildRules = (
			);
			dependencies = (
				10CD57492B13EC6700E00FE6 /* PBXTargetDependency */,
			);
			name = "IosColorTesting --RandomizerUITests";
			productName = "IosColorTesting --RandomizerUITests";
			productReference = 10CD57472B13EC6700E00FE6 /* IosColorTesting --RandomizerUITests.xctest */;
			productType = "com.apple.product-type.bundle.ui-testing";
		};
/* End PBXNativeTarget section */

/* Begin PBXProject section */
		10CD57252B13EC6200E00FE6 /* Project object */ = {
			isa = PBXProject;
			attributes = {
				BuildIndependentTargetsInParallel = 1;
				LastSwiftUpdateCheck = 1500;
				LastUpgradeCheck = 1500;
				TargetAttributes = {
					10CD572C2B13EC6200E00FE6 = {
						CreatedOnToolsVersion = 15.0.1;
					};
					10CD573C2B13EC6700E00FE6 = {
						CreatedOnToolsVersion = 15.0.1;
						TestTargetID = 10CD572C2B13EC6200E00FE6;
					};
					10CD57462B13EC6700E00FE6 = {
						CreatedOnToolsVersion = 15.0.1;
						TestTargetID = 10CD572C2B13EC6200E00FE6;
					};
				};
			};
			buildConfigurationList = 10CD57282B13EC6200E00FE6 /* Build configuration list for PBXProject "IosColorTesting --Randomizer" */;
			compatibilityVersion = "Xcode 14.0";
			developmentRegion = en;
			hasScannedForEncodings = 0;
			knownRegions = (
				en,
				Base,
			);
			mainGroup = 10CD57242B13EC6200E00FE6;
			productRefGroup = 10CD572E2B13EC6200E00FE6 /* Products */;
			projectDirPath = "";
			projectRoot = "";
			targets = (
				10CD572C2B13EC6200E00FE6 /* IosColorTesting --Randomizer */,
				10CD573C2B13EC6700E00FE6 /* IosColorTesting --RandomizerTests */,
				10CD57462B13EC6700E00FE6 /* IosColorTesting --RandomizerUITests */,
			);
		};
/* End PBXProject section */

/* Begin PBXResourcesBuildPhase section */
		10CD572B2B13EC6200E00FE6 /* Resources */ = {
			isa = PBXResourcesBuildPhase;
			buildActionMask = 2147483647;
			files = (
				10CD57382B13EC6700E00FE6 /* Preview Assets.xcassets in Resources */,
				10CD57352B13EC6700E00FE6 /* Assets.xcassets in Resources */,
			);
			runOnlyForDeploymentPostprocessing = 0;
		};
		10CD573B2B13EC6700E00FE6 /* Resources */ = {
			isa = PBXResourcesBuildPhase;
			buildActionMask = 2147483647;
			files = (
			);
			runOnlyForDeploymentPostprocessing = 0;
		};
		10CD57452B13EC6700E00FE6 /* Resources */ = {
			isa = PBXResourcesBuildPhase;
			buildActionMask = 2147483647;
			files = (
			);
			runOnlyForDeploymentPostprocessing = 0;
		};
/* End PBXResourcesBuildPhase section */

/* Begin PBXSourcesBuildPhase section */
		10CD57292B13EC6200E00FE6 /* Sources */ = {
			isa = PBXSourcesBuildPhase;
			buildActionMask = 2147483647;
			files = (
				10CD57332B13EC6300E00FE6 /* ContentView.swift in Sources */,
				10CD57312B13EC6300E00FE6 /* IosColorTesting___RandomizerApp.swift in Sources */,
			);
			runOnlyForDeploymentPostprocessing = 0;
		};
		10CD57392B13EC6700E00FE6 /* Sources */ = {
			isa = PBXSourcesBuildPhase;
			buildActionMask = 2147483647;
			files = (
				10CD57422B13EC6700E00FE6 /* IosColorTesting___RandomizerTests.swift in Sources */,
			);
			runOnlyForDeploymentPostprocessing = 0;
		};
		10CD57432B13EC6700E00FE6 /* Sources */ = {
			isa = PBXSourcesBuildPhase;
			buildActionMask = 2147483647;
			files = (
				10CD574E2B13EC6700E00FE6 /* IosColorTesting___RandomizerUITestsLaunchTests.swift in Sources */,
				10CD574C2B13EC6700E00FE6 /* IosColorTesting___RandomizerUITests.swift in Sources */,
			);
			runOnlyForDeploymentPostprocessing = 0;
		};
/* End PBXSourcesBuildPhase section */

/* Begin PBXTargetDependency section */
		10CD573F2B13EC6700E00FE6 /* PBXTargetDependency */ = {
			isa = PBXTargetDependency;
			target = 10CD572C2B13EC6200E00FE6 /* IosColorTesting --Randomizer */;
			targetProxy = 10CD573E2B13EC6700E00FE6 /* PBXContainerItemProxy */;
		};
		10CD57492B13EC6700E00FE6 /* PBXTargetDependency */ = {
			isa = PBXTargetDependency;
			target = 10CD572C2B13EC6200E00FE6 /* IosColorTesting --Randomizer */;
			targetProxy = 10CD57482B13EC6700E00FE6 /* PBXContainerItemProxy */;
		};
/* End PBXTargetDependency section */

/* Begin XCBuildConfiguration section */
		10CD574F2B13EC6700E00FE6 /* Debug */ = {
			isa = XCBuildConfiguration;
			buildSettings = {
				ALWAYS_SEARCH_USER_PATHS = NO;
				ASSETCATALOG_COMPILER_GENERATE_SWIFT_ASSET_SYMBOL_EXTENSIONS = YES;
				CLANG_ANALYZER_NONNULL = YES;
				CLANG_ANALYZER_NUMBER_OBJECT_CONVERSION = YES_AGGRESSIVE;
				CLANG_CXX_LANGUAGE_STANDARD = "gnu++20";
				CLANG_ENABLE_MODULES = YES;
				CLANG_ENABLE_OBJC_ARC = YES;
				CLANG_ENABLE_OBJC_WEAK = YES;
				CLANG_WARN_BLOCK_CAPTURE_AUTORELEASING = YES;
				CLANG_WARN_BOOL_CONVERSION = YES;
				CLANG_WARN_COMMA = YES;
				CLANG_WARN_CONSTANT_CONVERSION = YES;
				CLANG_WARN_DEPRECATED_OBJC_IMPLEMENTATIONS = YES;
				CLANG_WARN_DIRECT_OBJC_ISA_USAGE = YES_ERROR;
				CLANG_WARN_DOCUMENTATION_COMMENTS = YES;
				CLANG_WARN_EMPTY_BODY = YES;
				CLANG_WARN_ENUM_CONVERSION = YES;
				CLANG_WARN_INFINITE_RECURSION = YES;
				CLANG_WARN_INT_CONVERSION = YES;
				CLANG_WARN_NON_LITERAL_NULL_CONVERSION = YES;
				CLANG_WARN_OBJC_IMPLICIT_RETAIN_SELF = YES;
				CLANG_WARN_OBJC_LITERAL_CONVERSION = YES;
				CLANG_WARN_OBJC_ROOT_CLASS = YES_ERROR;
				CLANG_WARN_QUOTED_INCLUDE_IN_FRAMEWORK_HEADER = YES;
				CLANG_WARN_RANGE_LOOP_ANALYSIS = YES;
				CLANG_WARN_STRICT_PROTOTYPES = YES;
				CLANG_WARN_SUSPICIOUS_MOVE = YES;
				CLANG_WARN_UNGUARDED_AVAILABILITY = YES_AGGRESSIVE;
				CLANG_WARN_UNREACHABLE_CODE = YES;
				CLANG_WARN__DUPLICATE_METHOD_MATCH = YES;
				COPY_PHASE_STRIP = NO;
				DEBUG_INFORMATION_FORMAT = dwarf;
				ENABLE_STRICT_OBJC_MSGSEND = YES;
				ENABLE_TESTABILITY = YES;
				ENABLE_USER_SCRIPT_SANDBOXING = YES;
				GCC_C_LANGUAGE_STANDARD = gnu17;
				GCC_DYNAMIC_NO_PIC = NO;
				GCC_NO_COMMON_BLOCKS = YES;
				GCC_OPTIMIZATION_LEVEL = 0;
				GCC_PREPROCESSOR_DEFINITIONS = (
					"DEBUG=1",
					"$(inherited)",
				);
				GCC_WARN_64_TO_32_BIT_CONVERSION = YES;
				GCC_WARN_ABOUT_RETURN_TYPE = YES_ERROR;
				GCC_WARN_UNDECLARED_SELECTOR = YES;
				GCC_WARN_UNINITIALIZED_AUTOS = YES_AGGRESSIVE;
				GCC_WARN_UNUSED_FUNCTION = YES;
				GCC_WARN_UNUSED_VARIABLE = YES;
				IPHONEOS_DEPLOYMENT_TARGET = 17.0;
				LOCALIZATION_PREFERS_STRING_CATALOGS = YES;
				MTL_ENABLE_DEBUG_INFO = INCLUDE_SOURCE;
				MTL_FAST_MATH = YES;
				ONLY_ACTIVE_ARCH = YES;
				SDKROOT = iphoneos;
				SWIFT_ACTIVE_COMPILATION_CONDITIONS = "DEBUG $(inherited)";
				SWIFT_OPTIMIZATION_LEVEL = "-Onone";
			};
			name = Debug;
		};
		10CD57502B13EC6700E00FE6 /* Release */ = {
			isa = XCBuildConfiguration;
			buildSettings = {
				ALWAYS_SEARCH_USER_PATHS = NO;
				ASSETCATALOG_COMPILER_GENERATE_SWIFT_ASSET_SYMBOL_EXTENSIONS = YES;
				CLANG_ANALYZER_NONNULL = YES;
				CLANG_ANALYZER_NUMBER_OBJECT_CONVERSION = YES_AGGRESSIVE;
				CLANG_CXX_LANGUAGE_STANDARD = "gnu++20";
				CLANG_ENABLE_MODULES = YES;
				CLANG_ENABLE_OBJC_ARC = YES;
				CLANG_ENABLE_OBJC_WEAK = YES;
				CLANG_WARN_BLOCK_CAPTURE_AUTORELEASING = YES;
				CLANG_WARN_BOOL_CONVERSION = YES;
				CLANG_WARN_COMMA = YES;
				CLANG_WARN_CONSTANT_CONVERSION = YES;
				CLANG_WARN_DEPRECATED_OBJC_IMPLEMENTATIONS = YES;
				CLANG_WARN_DIRECT_OBJC_ISA_USAGE = YES_ERROR;
				CLANG_WARN_DOCUMENTATION_COMMENTS = YES;
				CLANG_WARN_EMPTY_BODY = YES;
				CLANG_WARN_ENUM_CONVERSION = YES;
				CLANG_WARN_INFINITE_RECURSION = YES;
				CLANG_WARN_INT_CONVERSION = YES;
				CLANG_WARN_NON_LITERAL_NULL_CONVERSION = YES;
				CLANG_WARN_OBJC_IMPLICIT_RETAIN_SELF = YES;
				CLANG_WARN_OBJC_LITERAL_CONVERSION = YES;
				CLANG_WARN_OBJC_ROOT_CLASS = YES_ERROR;
				CLANG_WARN_QUOTED_INCLUDE_IN_FRAMEWORK_HEADER = YES;
				CLANG_WARN_RANGE_LOOP_ANALYSIS = YES;
				CLANG_WARN_STRICT_PROTOTYPES = YES;
				CLANG_WARN_SUSPICIOUS_MOVE = YES;
				CLANG_WARN_UNGUARDED_AVAILABILITY = YES_AGGRESSIVE;
				CLANG_WARN_UNREACHABLE_CODE = YES;
				CLANG_WARN__DUPLICATE_METHOD_MATCH = YES;
				COPY_PHASE_STRIP = NO;
				DEBUG_INFORMATION_FORMAT = "dwarf-with-dsym";
				ENABLE_NS_ASSERTIONS = NO;
				ENABLE_STRICT_OBJC_MSGSEND = YES;
				ENABLE_USER_SCRIPT_SANDBOXING = YES;
				GCC_C_LANGUAGE_STANDARD = gnu17;
				GCC_NO_COMMON_BLOCKS = YES;
				GCC_WARN_64_TO_32_BIT_CONVERSION = YES;
				GCC_WARN_ABOUT_RETURN_TYPE = YES_ERROR;
				GCC_WARN_UNDECLARED_SELECTOR = YES;
				GCC_WARN_UNINITIALIZED_AUTOS = YES_AGGRESSIVE;
				GCC_WARN_UNUSED_FUNCTION = YES;
				GCC_WARN_UNUSED_VARIABLE = YES;
				IPHONEOS_DEPLOYMENT_TARGET = 17.0;
				LOCALIZATION_PREFERS_STRING_CATALOGS = YES;
				MTL_ENABLE_DEBUG_INFO = NO;
				MTL_FAST_MATH = YES;
				SDKROOT = iphoneos;
				SWIFT_COMPILATION_MODE = wholemodule;
				VALIDATE_PRODUCT = YES;
			};
			name = Release;
		};
		10CD57522B13EC6700E00FE6 /* Debug */ = {
			isa = XCBuildConfiguration;
			buildSettings = {
				ASSETCATALOG_COMPILER_APPICON_NAME = AppIcon;
				ASSETCATALOG_COMPILER_GLOBAL_ACCENT_COLOR_NAME = AccentColor;
				CODE_SIGN_STYLE = Automatic;
				CURRENT_PROJECT_VERSION = 1;
				DEVELOPMENT_ASSET_PATHS = "\"IosColorTesting --Randomizer/Preview Content\"";
				DEVELOPMENT_TEAM = 5ZK84W266H;
				ENABLE_PREVIEWS = YES;
				GENERATE_INFOPLIST_FILE = YES;
				INFOPLIST_KEY_UIApplicationSceneManifest_Generation = YES;
				INFOPLIST_KEY_UIApplicationSupportsIndirectInputEvents = YES;
				INFOPLIST_KEY_UILaunchScreen_Generation = YES;
				INFOPLIST_KEY_UISupportedInterfaceOrientations_iPad = "UIInterfaceOrientationPortrait UIInterfaceOrientationPortraitUpsideDown UIInterfaceOrientationLandscapeLeft UIInterfaceOrientationLandscapeRight";
				INFOPLIST_KEY_UISupportedInterfaceOrientations_iPhone = "UIInterfaceOrientationPortrait UIInterfaceOrientationLandscapeLeft UIInterfaceOrientationLandscapeRight";
				LD_RUNPATH_SEARCH_PATHS = (
					"$(inherited)",
					"@executable_path/Frameworks",
				);
				MARKETING_VERSION = 1.0;
				PRODUCT_BUNDLE_IDENTIFIER = "com.test.app.ios.IosColorTesting---Randomizer";
				PRODUCT_NAME = "$(TARGET_NAME)";
				SWIFT_EMIT_LOC_STRINGS = YES;
				SWIFT_VERSION = 5.0;
				TARGETED_DEVICE_FAMILY = "1,2";
			};
			name = Debug;
		};
		10CD57532B13EC6700E00FE6 /* Release */ = {
			isa = XCBuildConfiguration;
			buildSettings = {
				ASSETCATALOG_COMPILER_APPICON_NAME = AppIcon;
				ASSETCATALOG_COMPILER_GLOBAL_ACCENT_COLOR_NAME = AccentColor;
				CODE_SIGN_STYLE = Automatic;
				CURRENT_PROJECT_VERSION = 1;
				DEVELOPMENT_ASSET_PATHS = "\"IosColorTesting --Randomizer/Preview Content\"";
				DEVELOPMENT_TEAM = 5ZK84W266H;
				ENABLE_PREVIEWS = YES;
				GENERATE_INFOPLIST_FILE = YES;
				INFOPLIST_KEY_UIApplicationSceneManifest_Generation = YES;
				INFOPLIST_KEY_UIApplicationSupportsIndirectInputEvents = YES;
				INFOPLIST_KEY_UILaunchScreen_Generation = YES;
				INFOPLIST_KEY_UISupportedInterfaceOrientations_iPad = "UIInterfaceOrientationPortrait UIInterfaceOrientationPortraitUpsideDown UIInterfaceOrientationLandscapeLeft UIInterfaceOrientationLandscapeRight";
				INFOPLIST_KEY_UISupportedInterfaceOrientations_iPhone = "UIInterfaceOrientationPortrait UIInterfaceOrientationLandscapeLeft UIInterfaceOrientationLandscapeRight";
				LD_RUNPATH_SEARCH_PATHS = (
					"$(inherited)",
					"@executable_path/Frameworks",
				);
				MARKETING_VERSION = 1.0;
				PRODUCT_BUNDLE_IDENTIFIER = "com.test.app.ios.IosColorTesting---Randomizer";
				PRODUCT_NAME = "$(TARGET_NAME)";
				SWIFT_EMIT_LOC_STRINGS = YES;
				SWIFT_VERSION = 5.0;
				TARGETED_DEVICE_FAMILY = "1,2";
			};
			name = Release;
		};
		10CD57552B13EC6700E00FE6 /* Debug */ = {
			isa = XCBuildConfiguration;
			buildSettings = {
				ALWAYS_EMBED_SWIFT_STANDARD_LIBRARIES = YES;
				BUNDLE_LOADER = "$(TEST_HOST)";
				CODE_SIGN_STYLE = Automatic;
				CURRENT_PROJECT_VERSION = 1;
				DEVELOPMENT_TEAM = 5ZK84W266H;
				GENERATE_INFOPLIST_FILE = YES;
				IPHONEOS_DEPLOYMENT_TARGET = 17.0;
				MARKETING_VERSION = 1.0;
				PRODUCT_BUNDLE_IDENTIFIER = "com.test.app.ios.IosColorTesting---RandomizerTests";
				PRODUCT_NAME = "$(TARGET_NAME)";
				SWIFT_EMIT_LOC_STRINGS = NO;
				SWIFT_VERSION = 5.0;
				TARGETED_DEVICE_FAMILY = "1,2";
				TEST_HOST = "$(BUILT_PRODUCTS_DIR)/IosColorTesting --Randomizer.app/$(BUNDLE_EXECUTABLE_FOLDER_PATH)/IosColorTesting --Randomizer";
			};
			name = Debug;
		};
		10CD57562B13EC6700E00FE6 /* Release */ = {
			isa = XCBuildConfiguration;
			buildSettings = {
				ALWAYS_EMBED_SWIFT_STANDARD_LIBRARIES = YES;
				BUNDLE_LOADER = "$(TEST_HOST)";
				CODE_SIGN_STYLE = Automatic;
				CURRENT_PROJECT_VERSION = 1;
				DEVELOPMENT_TEAM = 5ZK84W266H;
				GENERATE_INFOPLIST_FILE = YES;
				IPHONEOS_DEPLOYMENT_TARGET = 17.0;
				MARKETING_VERSION = 1.0;
				PRODUCT_BUNDLE_IDENTIFIER = "com.test.app.ios.IosColorTesting---RandomizerTests";
				PRODUCT_NAME = "$(TARGET_NAME)";
				SWIFT_EMIT_LOC_STRINGS = NO;
				SWIFT_VERSION = 5.0;
				TARGETED_DEVICE_FAMILY = "1,2";
				TEST_HOST = "$(BUILT_PRODUCTS_DIR)/IosColorTesting --Randomizer.app/$(BUNDLE_EXECUTABLE_FOLDER_PATH)/IosColorTesting --Randomizer";
			};
			name = Release;
		};
		10CD57582B13EC6700E00FE6 /* Debug */ = {
			isa = XCBuildConfiguration;
			buildSettings = {
				ALWAYS_EMBED_SWIFT_STANDARD_LIBRARIES = YES;
				CODE_SIGN_STYLE = Automatic;
				CURRENT_PROJECT_VERSION = 1;
				DEVELOPMENT_TEAM = 5ZK84W266H;
				GENERATE_INFOPLIST_FILE = YES;
				MARKETING_VERSION = 1.0;
				PRODUCT_BUNDLE_IDENTIFIER = "com.test.app.ios.IosColorTesting---RandomizerUITests";
				PRODUCT_NAME = "$(TARGET_NAME)";
				SWIFT_EMIT_LOC_STRINGS = NO;
				SWIFT_VERSION = 5.0;
				TARGETED_DEVICE_FAMILY = "1,2";
				TEST_TARGET_NAME = "IosColorTesting --Randomizer";
			};
			name = Debug;
		};
		10CD57592B13EC6700E00FE6 /* Release */ = {
			isa = XCBuildConfiguration;
			buildSettings = {
				ALWAYS_EMBED_SWIFT_STANDARD_LIBRARIES = YES;
				CODE_SIGN_STYLE = Automatic;
				CURRENT_PROJECT_VERSION = 1;
				DEVELOPMENT_TEAM = 5ZK84W266H;
				GENERATE_INFOPLIST_FILE = YES;
				MARKETING_VERSION = 1.0;
				PRODUCT_BUNDLE_IDENTIFIER = "com.test.app.ios.IosColorTesting---RandomizerUITests";
				PRODUCT_NAME = "$(TARGET_NAME)";
				SWIFT_EMIT_LOC_STRINGS = NO;
				SWIFT_VERSION = 5.0;
				TARGETED_DEVICE_FAMILY = "1,2";
				TEST_TARGET_NAME = "IosColorTesting --Randomizer";
			};
			name = Release;
		};
/* End XCBuildConfiguration section */

/* Begin XCConfigurationList section */
		10CD57282B13EC6200E00FE6 /* Build configuration list for PBXProject "IosColorTesting --Randomizer" */ = {
			isa = XCConfigurationList;
			buildConfigurations = (
				10CD574F2B13EC6700E00FE6 /* Debug */,
				10CD57502B13EC6700E00FE6 /* Release */,
			);
			defaultConfigurationIsVisible = 0;
			defaultConfigurationName = Release;
		};
		10CD57512B13EC6700E00FE6 /* Build configuration list for PBXNativeTarget "IosColorTesting --Randomizer" */ = {
			isa = XCConfigurationList;
			buildConfigurations = (
				10CD57522B13EC6700E00FE6 /* Debug */,
				10CD57532B13EC6700E00FE6 /* Release */,
			);
			defaultConfigurationIsVisible = 0;
			defaultConfigurationName = Release;
		};
		10CD57542B13EC6700E00FE6 /* Build configuration list for PBXNativeTarget "IosColorTesting --RandomizerTests" */ = {
			isa = XCConfigurationList;
			buildConfigurations = (
				10CD57552B13EC6700E00FE6 /* Debug */,
				10CD57562B13EC6700E00FE6 /* Release */,
			);
			defaultConfigurationIsVisible = 0;
			defaultConfigurationName = Release;
		};
		10CD57572B13EC6700E00FE6 /* Build configuration list for PBXNativeTarget "IosColorTesting --RandomizerUITests" */ = {
			isa = XCConfigurationList;
			buildConfigurations = (
				10CD57582B13EC6700E00FE6 /* Debug */,
				10CD57592B13EC6700E00FE6 /* Release */,
			);
			defaultConfigurationIsVisible = 0;
			defaultConfigurationName = Release;
		};
/* End XCConfigurationList section */
	};
	rootObject = 10CD57252B13EC6200E00FE6 /* Project object */;
}
